<?xml version="1.0" encoding="utf-8"?>
<Project ToolsVersion="4.0" xmlns="http://schemas.microsoft.com/developer/msbuild/2003">
  <ItemGroup>
    <Filter Include="Source Files">
      <UniqueIdentifier>{4FC737F1-C7A5-4376-A066-2A32D752A2FF}</UniqueIdentifier>
      <Extensions>cpp;c;cc;cxx;c++;cppm;ixx;def;odl;idl;hpj;bat;asm;asmx</Extensions>
    </Filter>
    <Filter Include="Header Files">
      <UniqueIdentifier>{93995380-89BD-4b04-88EB-625FBE52EBFB}</UniqueIdentifier>
      <Extensions>h;hh;hpp;hxx;h++;hm;inl;inc;ipp;xsd</Extensions>
    </Filter>
    <Filter Include="Resource Files">
      <UniqueIdentifier>{67DA6AB6-F800-4c08-8B7A-83BB121AAD01}</UniqueIdentifier>
      <Extensions>rc;ico;cur;bmp;dlg;rc2;rct;bin;rgs;gif;jpg;jpeg;jpe;resx;tiff;tif;png;wav;mfcribbon-ms</Extensions>
    </Filter>
    <Filter Include="Source Files\source">
      <UniqueIdentifier>{b20d15d2-3d26-4bda-9946-47bdc7e8218f}</UniqueIdentifier>
    </Filter>
    <Filter Include="Source Files\source\entities">
      <UniqueIdentifier>{4418114e-5991-4d61-8e67-ec552a95e278}</UniqueIdentifier>
    </Filter>
    <Filter Include="Header Files\entities">
      <UniqueIdentifier>{b667756c-b119-4136-aa14-e3b5a51444a9}</UniqueIdentifier>
    </Filter>
    <Filter Include="Header Files\core">
      <UniqueIdentifier>{6d8009cd-e3aa-4657-ae7c-218d29161eff}</UniqueIdentifier>
    </Filter>
    <Filter Include="Source Files\source\core">
      <UniqueIdentifier>{cd1e70e1-d377-41e5-94e8-9f7caeb6e74f}</UniqueIdentifier>
    </Filter>
    <Filter Include="Header Files\scenes">
      <UniqueIdentifier>{4735be72-5bfd-4d27-a481-d5e2878eec1e}</UniqueIdentifier>
    </Filter>
    <Filter Include="Source Files\source\scenes">
      <UniqueIdentifier>{b2f36d9f-4815-425a-b5db-4f33a4f6e0cf}</UniqueIdentifier>
    </Filter>
    <Filter Include="Header Files\entities\BallComponents">
      <UniqueIdentifier>{1310e2b6-7350-4d50-984b-cc26c9d559b6}</UniqueIdentifier>
    </Filter>
    <Filter Include="Header Files\scenes\components">
      <UniqueIdentifier>{74f060a8-403e-4c8c-8958-0685b98525aa}</UniqueIdentifier>
    </Filter>
    <Filter Include="Source Files\source\scenes\components">
      <UniqueIdentifier>{8367157a-4f40-4f02-9e3b-b17160307ef8}</UniqueIdentifier>
    </Filter>
    <Filter Include="Header Files\scenes\components\objectFactory">
      <UniqueIdentifier>{27f30038-c3a8-470e-9a3a-b9ab757a7d4c}</UniqueIdentifier>
    </Filter>
    <Filter Include="Source Files\source\scenes\components\objectFactory">
      <UniqueIdentifier>{7d308943-4df3-4628-9f8f-2bae6becfad3}</UniqueIdentifier>
    </Filter>
    <Filter Include="Source Files\source\entities\BallComponents">
      <UniqueIdentifier>{0aa90723-87c8-4b3a-92b7-f351731b79f9}</UniqueIdentifier>
    </Filter>
    <Filter Include="Source Files\source\entities\PaddleComponents">
      <UniqueIdentifier>{56929303-62e9-425d-adf8-8820bd764193}</UniqueIdentifier>
    </Filter>
    <Filter Include="Header Files\entities\PaddleComponents">
      <UniqueIdentifier>{ec6c8f08-43ad-4b6d-9280-10a3ac924c72}</UniqueIdentifier>
    </Filter>
    <Filter Include="Source Files\source\entities\ScoreComponents">
      <UniqueIdentifier>{76a7d4b0-ebda-4bbc-92b7-e07244afde27}</UniqueIdentifier>
    </Filter>
    <Filter Include="Header Files\entities\ScoreComponents">
      <UniqueIdentifier>{1a51c34e-7001-455d-824b-3455fc41e1cd}</UniqueIdentifier>
    </Filter>
    <Filter Include="Header Files\entities\PaddleComponents\PaddleStrategy">
      <UniqueIdentifier>{a1c64fd6-5f4f-4781-9952-18061cd80771}</UniqueIdentifier>
    </Filter>
    <Filter Include="Source Files\source\entities\PaddleComponents\PaddleStrategy">
      <UniqueIdentifier>{5115d423-3c62-4c9d-bc2d-2a51e4513063}</UniqueIdentifier>
    </Filter>
    <Filter Include="Header Files\entities\interfaces">
      <UniqueIdentifier>{9e8c4d47-aacb-4043-9f0a-ef1a5461d13a}</UniqueIdentifier>
    </Filter>
    <Filter Include="Header Files\entities\interfaces\StrategyObserver">
      <UniqueIdentifier>{20845714-bc29-4b50-a841-17dc86cee288}</UniqueIdentifier>
    </Filter>
    <Filter Include="Source Files\source\entities\interfaces">
      <UniqueIdentifier>{805ddeed-7045-4122-b816-89a4d5f0def4}</UniqueIdentifier>
    </Filter>
    <Filter Include="Source Files\source\entities\interfaces\StrategyObserver">
      <UniqueIdentifier>{819744ef-49e4-4ebc-aeb8-8ab2d79d9490}</UniqueIdentifier>
    </Filter>
    <Filter Include="Header Files\core\subsystems">
      <UniqueIdentifier>{f060cf28-d3fc-4a60-9720-5ca75bda4162}</UniqueIdentifier>
    </Filter>
    <Filter Include="Source Files\source\core\subsystems">
      <UniqueIdentifier>{7f9497e7-b560-4705-9217-23af00a8bdae}</UniqueIdentifier>
    </Filter>
    <Filter Include="Header Files\entities\interfaces\BallObserver">
      <UniqueIdentifier>{1f2c1e75-b863-42c6-aa54-d415e11bb3c4}</UniqueIdentifier>
    </Filter>
    <Filter Include="Source Files\source\entities\interfaces\BallObserver">
      <UniqueIdentifier>{20941a45-7008-46b2-9a7c-a8245611bbe2}</UniqueIdentifier>
    </Filter>
  </ItemGroup>
  <ItemGroup>
    <None Include=".clang-format">
      <Filter>Source Files</Filter>
    </None>
    <None Include="..\.gitignore">
      <Filter>Source Files</Filter>
    </None>
    <None Include="..\README.md">
      <Filter>Source Files</Filter>
    </None>
  </ItemGroup>
  <ItemGroup>
    <ClCompile Include="source\main.cpp">
      <Filter>Source Files\source</Filter>
    </ClCompile>
    <ClCompile Include="source\entities\Ball.cpp">
      <Filter>Source Files\source\entities</Filter>
    </ClCompile>
    <ClCompile Include="source\entities\Board.cpp">
      <Filter>Source Files\source\entities</Filter>
    </ClCompile>
    <ClCompile Include="source\entities\Object.cpp">
      <Filter>Source Files\source\entities</Filter>
    </ClCompile>
    <ClCompile Include="source\entities\ScoreBar.cpp">
      <Filter>Source Files\source\entities</Filter>
    </ClCompile>
    <ClCompile Include="source\scenes\MainScene.cpp">
      <Filter>Source Files\source\scenes</Filter>
    </ClCompile>
    <ClCompile Include="source\scenes\Scene.cpp">
      <Filter>Source Files\source\scenes</Filter>
    </ClCompile>
    <ClCompile Include="source\scenes\components\objectFactory\Creator.cpp">
      <Filter>Source Files\source\scenes\components\objectFactory</Filter>
    </ClCompile>
    <ClCompile Include="source\scenes\components\objectFactory\objectFactory.cpp">
      <Filter>Source Files\source\scenes\components\objectFactory</Filter>
    </ClCompile>
    <ClCompile Include="source\scenes\components\objectFactory\Product.cpp">
      <Filter>Source Files\source\scenes\components\objectFactory</Filter>
    </ClCompile>
    <ClCompile Include="source\entities\BallComponents\BallCollisionDecorator.cpp">
      <Filter>Source Files\source\entities\BallComponents</Filter>
    </ClCompile>
    <ClCompile Include="source\entities\BallComponents\BallMovementDecorator.cpp">
      <Filter>Source Files\source\entities\BallComponents</Filter>
    </ClCompile>
    <ClCompile Include="source\entities\Paddle.cpp">
      <Filter>Source Files\source\entities</Filter>
    </ClCompile>
    <ClCompile Include="source\entities\ScoreComponents\ScoreDecorator.cpp">
      <Filter>Source Files\source\entities\ScoreComponents</Filter>
    </ClCompile>
    <ClCompile Include="source\entities\PaddleComponents\PaddleStrategy\PaddleComputerStrategy.cpp">
      <Filter>Source Files\source\entities\PaddleComponents\PaddleStrategy</Filter>
    </ClCompile>
    <ClCompile Include="source\entities\PaddleComponents\PaddleStrategy\PaddlePlayerStrategy.cpp">
      <Filter>Source Files\source\entities\PaddleComponents\PaddleStrategy</Filter>
    </ClCompile>
    <ClCompile Include="source\entities\PaddleComponents\PaddleStrategy\PaddleStrategy.cpp">
      <Filter>Source Files\source\entities\PaddleComponents\PaddleStrategy</Filter>
    </ClCompile>
    <ClCompile Include="source\entities\interfaces\StrategyObserver\StrategyPublisher.cpp">
      <Filter>Source Files\source\entities\interfaces\StrategyObserver</Filter>
    </ClCompile>
    <ClCompile Include="source\core\subsystems\AudioHandler.cpp">
      <Filter>Source Files\source\core\subsystems</Filter>
    </ClCompile>
    <ClCompile Include="source\core\subsystems\FontHandler.cpp">
      <Filter>Source Files\source\core\subsystems</Filter>
    </ClCompile>
    <ClCompile Include="source\core\subsystems\TextureHandler.cpp">
      <Filter>Source Files\source\core\subsystems</Filter>
    </ClCompile>
    <ClCompile Include="source\core\SDLHandler.cpp">
      <Filter>Source Files\source\core</Filter>
    </ClCompile>
    <ClCompile Include="source\entities\interfaces\BallObserver\BallPublisher.cpp">
      <Filter>Source Files\source\entities\interfaces\BallObserver</Filter>
    </ClCompile>
  </ItemGroup>
  <ItemGroup>
    <ClInclude Include="source\entities\Ball.h">
      <Filter>Header Files\entities</Filter>
    </ClInclude>
    <ClInclude Include="source\entities\Board.h">
      <Filter>Header Files\entities</Filter>
    </ClInclude>
    <ClInclude Include="source\entities\Object.h">
      <Filter>Header Files\entities</Filter>
    </ClInclude>
    <ClInclude Include="source\entities\ScoreBar.h">
      <Filter>Header Files\entities</Filter>
    </ClInclude>
    <ClInclude Include="source\core\SDLHandler.h">
      <Filter>Header Files\core</Filter>
    </ClInclude>
    <ClInclude Include="source\scenes\MainScene.h">
      <Filter>Header Files\scenes</Filter>
    </ClInclude>
    <ClInclude Include="source\scenes\Scene.h">
      <Filter>Header Files\scenes</Filter>
    </ClInclude>
    <ClInclude Include="source\scenes\components\objectFactory\Creator.h">
      <Filter>Header Files\scenes\components\objectFactory</Filter>
    </ClInclude>
    <ClInclude Include="source\scenes\components\objectFactory\objectFactory.h">
      <Filter>Header Files\scenes\components\objectFactory</Filter>
    </ClInclude>
    <ClInclude Include="source\scenes\components\objectFactory\Product.h">
      <Filter>Header Files\scenes\components\objectFactory</Filter>
    </ClInclude>
    <ClInclude Include="source\entities\BallComponents\BallCollisionDecorator.h">
      <Filter>Header Files\entities\BallComponents</Filter>
    </ClInclude>
    <ClInclude Include="source\entities\BallComponents\BallMovementDecorator.h">
      <Filter>Header Files\entities\BallComponents</Filter>
    </ClInclude>
    <ClInclude Include="source\entities\Paddle.h">
      <Filter>Header Files\entities</Filter>
    </ClInclude>
    <ClInclude Include="source\entities\ScoreComponents\ScoreDecorator.h">
      <Filter>Header Files\entities\ScoreComponents</Filter>
    </ClInclude>
    <ClInclude Include="source\entities\PaddleComponents\PaddleStrategy\PaddleComputerStrategy.h">
      <Filter>Header Files\entities\PaddleComponents\PaddleStrategy</Filter>
    </ClInclude>
    <ClInclude Include="source\entities\PaddleComponents\PaddleStrategy\PaddlePlayerStrategy.h">
      <Filter>Header Files\entities\PaddleComponents\PaddleStrategy</Filter>
    </ClInclude>
    <ClInclude Include="source\entities\PaddleComponents\PaddleStrategy\PaddleStrategy.h">
      <Filter>Header Files\entities\PaddleComponents\PaddleStrategy</Filter>
    </ClInclude>
    <ClInclude Include="source\entities\interfaces\StrategyObserver\StrategyPublisher.h">
      <Filter>Header Files\entities\interfaces\StrategyObserver</Filter>
    </ClInclude>
    <ClInclude Include="source\entities\interfaces\StrategyObserver\StrategySubscriber.h">
      <Filter>Header Files\entities\interfaces\StrategyObserver</Filter>
    </ClInclude>
    <ClInclude Include="source\core\subsystems\AudioHandler.h">
      <Filter>Header Files\core\subsystems</Filter>
    </ClInclude>
    <ClInclude Include="source\core\subsystems\FontHandler.h">
      <Filter>Header Files\core\subsystems</Filter>
    </ClInclude>
    <ClInclude Include="source\core\subsystems\TextureHandler.h">
      <Filter>Header Files\core\subsystems</Filter>
    </ClInclude>
    <ClInclude Include="source\entities\interfaces\BallObserver\BallPublisher.h">
      <Filter>Header Files\entities\interfaces\BallObserver</Filter>
    </ClInclude>
    <ClInclude Include="source\entities\interfaces\BallObserver\BallSubscriber.h">
      <Filter>Header Files\entities\interfaces\BallObserver</Filter>
    </ClInclude>
  </ItemGroup>
</Project>