<?xml version="1.0" encoding="utf-8"?>
<Project ToolsVersion="4.0" xmlns="http://schemas.microsoft.com/developer/msbuild/2003">
  <ItemGroup>
    <Filter Include="Source Files">
      <UniqueIdentifier>{4FC737F1-C7A5-4376-A066-2A32D752A2FF}</UniqueIdentifier>
      <Extensions>cpp;c;cc;cxx;c++;cppm;ixx;def;odl;idl;hpj;bat;asm;asmx</Extensions>
    </Filter>
    <Filter Include="Header Files">
      <UniqueIdentifier>{93995380-89BD-4b04-88EB-625FBE52EBFB}</UniqueIdentifier>
      <Extensions>h;hh;hpp;hxx;h++;hm;inl;inc;ipp;xsd</Extensions>
    </Filter>
    <Filter Include="Resource Files">
      <UniqueIdentifier>{67DA6AB6-F800-4c08-8B7A-83BB121AAD01}</UniqueIdentifier>
      <Extensions>rc;ico;cur;bmp;dlg;rc2;rct;bin;rgs;gif;jpg;jpeg;jpe;resx;tiff;tif;png;wav;mfcribbon-ms</Extensions>
    </Filter>
    <Filter Include="Source Files\source">
      <UniqueIdentifier>{b20d15d2-3d26-4bda-9946-47bdc7e8218f}</UniqueIdentifier>
    </Filter>
    <Filter Include="Source Files\source\entities">
      <UniqueIdentifier>{4418114e-5991-4d61-8e67-ec552a95e278}</UniqueIdentifier>
    </Filter>
    <Filter Include="Header Files\entities">
      <UniqueIdentifier>{b667756c-b119-4136-aa14-e3b5a51444a9}</UniqueIdentifier>
    </Filter>
    <Filter Include="Header Files\core">
      <UniqueIdentifier>{6d8009cd-e3aa-4657-ae7c-218d29161eff}</UniqueIdentifier>
    </Filter>
    <Filter Include="Source Files\source\core">
      <UniqueIdentifier>{cd1e70e1-d377-41e5-94e8-9f7caeb6e74f}</UniqueIdentifier>
    </Filter>
    <Filter Include="Header Files\scenes">
      <UniqueIdentifier>{4735be72-5bfd-4d27-a481-d5e2878eec1e}</UniqueIdentifier>
    </Filter>
    <Filter Include="Source Files\source\scenes">
      <UniqueIdentifier>{b2f36d9f-4815-425a-b5db-4f33a4f6e0cf}</UniqueIdentifier>
    </Filter>
    <Filter Include="Header Files\entities\interfaces">
      <UniqueIdentifier>{9e8c4d47-aacb-4043-9f0a-ef1a5461d13a}</UniqueIdentifier>
    </Filter>
    <Filter Include="Header Files\entities\interfaces\StrategyObserver">
      <UniqueIdentifier>{20845714-bc29-4b50-a841-17dc86cee288}</UniqueIdentifier>
    </Filter>
    <Filter Include="Source Files\source\entities\interfaces">
      <UniqueIdentifier>{805ddeed-7045-4122-b816-89a4d5f0def4}</UniqueIdentifier>
    </Filter>
    <Filter Include="Source Files\source\entities\interfaces\StrategyObserver">
      <UniqueIdentifier>{819744ef-49e4-4ebc-aeb8-8ab2d79d9490}</UniqueIdentifier>
    </Filter>
    <Filter Include="Header Files\core\subsystems">
      <UniqueIdentifier>{f060cf28-d3fc-4a60-9720-5ca75bda4162}</UniqueIdentifier>
    </Filter>
    <Filter Include="Source Files\source\core\subsystems">
      <UniqueIdentifier>{7f9497e7-b560-4705-9217-23af00a8bdae}</UniqueIdentifier>
    </Filter>
    <Filter Include="Header Files\entities\interfaces\BallObserver">
      <UniqueIdentifier>{1f2c1e75-b863-42c6-aa54-d415e11bb3c4}</UniqueIdentifier>
    </Filter>
    <Filter Include="Source Files\source\entities\interfaces\BallObserver">
      <UniqueIdentifier>{20941a45-7008-46b2-9a7c-a8245611bbe2}</UniqueIdentifier>
    </Filter>
    <Filter Include="Header Files\entities\Board">
      <UniqueIdentifier>{56fbded0-b179-42aa-ae62-d1365443833a}</UniqueIdentifier>
    </Filter>
    <Filter Include="Header Files\entities\ScoreBar">
      <UniqueIdentifier>{3ce020f1-809c-4184-bcdd-da6a9a2b1f84}</UniqueIdentifier>
    </Filter>
    <Filter Include="Header Files\entities\Ball">
      <UniqueIdentifier>{7eeb1302-6be5-46b2-87e5-e5aa8ee32441}</UniqueIdentifier>
    </Filter>
    <Filter Include="Header Files\entities\Paddle">
      <UniqueIdentifier>{97c985b9-af8e-476a-b644-2e6680e76e4b}</UniqueIdentifier>
    </Filter>
    <Filter Include="Source Files\source\entities\Board">
      <UniqueIdentifier>{3df5754d-03b5-4c61-a090-9c67b780cd87}</UniqueIdentifier>
    </Filter>
    <Filter Include="Source Files\source\entities\Ball">
      <UniqueIdentifier>{b3f14b87-240f-4bc1-8957-515fce1a6027}</UniqueIdentifier>
    </Filter>
    <Filter Include="Source Files\source\entities\Paddle">
      <UniqueIdentifier>{b4e1b24c-dd53-4982-9635-1604c59aace5}</UniqueIdentifier>
    </Filter>
    <Filter Include="Source Files\source\entities\ScoreBar">
      <UniqueIdentifier>{7e3cfac7-3277-48d1-ab0e-ecad6a1ec74e}</UniqueIdentifier>
    </Filter>
    <Filter Include="Header Files\entities\ScoreBar\components">
      <UniqueIdentifier>{2ecf6f9f-1bb6-480f-90c6-d308869a1824}</UniqueIdentifier>
    </Filter>
    <Filter Include="Header Files\entities\Ball\components">
      <UniqueIdentifier>{974a8d88-a6b9-48d2-9bc5-d5d0ea8f510e}</UniqueIdentifier>
    </Filter>
    <Filter Include="Header Files\entities\Paddle\components">
      <UniqueIdentifier>{092d5918-e784-4aef-a6e7-de01a7d1dd14}</UniqueIdentifier>
    </Filter>
    <Filter Include="Header Files\entities\Board\components">
      <UniqueIdentifier>{dc7d67b0-1b60-4b5f-a12e-2ddfc66ae84c}</UniqueIdentifier>
    </Filter>
    <Filter Include="Header Files\entities\Paddle\components\Strategy">
      <UniqueIdentifier>{e9cc4df0-f516-48f4-be6a-9613a38c3be6}</UniqueIdentifier>
    </Filter>
    <Filter Include="Source Files\source\entities\Ball\components">
      <UniqueIdentifier>{3eae68f6-9932-4f9b-ab67-dc9a567283b4}</UniqueIdentifier>
    </Filter>
    <Filter Include="Source Files\source\entities\Board\components">
      <UniqueIdentifier>{ef2673c2-f4de-4339-9838-b46a85a506b9}</UniqueIdentifier>
    </Filter>
    <Filter Include="Source Files\source\entities\Paddle\componenets">
      <UniqueIdentifier>{d7e4b0d9-52f0-4ce2-8ffa-301b55f29539}</UniqueIdentifier>
    </Filter>
    <Filter Include="Source Files\source\entities\Paddle\componenets\strategy">
      <UniqueIdentifier>{3d8b2cd0-b963-4a6e-bdf2-3d7d88479470}</UniqueIdentifier>
    </Filter>
    <Filter Include="Source Files\source\entities\ScoreBar\componenets">
      <UniqueIdentifier>{3dcd9c00-2511-4d20-a248-54661820188b}</UniqueIdentifier>
    </Filter>
  </ItemGroup>
  <ItemGroup>
    <None Include=".clang-format">
      <Filter>Source Files</Filter>
    </None>
    <None Include="..\.gitignore">
      <Filter>Source Files</Filter>
    </None>
    <None Include="..\README.md">
      <Filter>Source Files</Filter>
    </None>
  </ItemGroup>
  <ItemGroup>
    <ClCompile Include="source\main.cpp">
      <Filter>Source Files\source</Filter>
    </ClCompile>
    <ClCompile Include="source\entities\Object.cpp">
      <Filter>Source Files\source\entities</Filter>
    </ClCompile>
    <ClCompile Include="source\scenes\MainScene.cpp">
      <Filter>Source Files\source\scenes</Filter>
    </ClCompile>
    <ClCompile Include="source\scenes\Scene.cpp">
      <Filter>Source Files\source\scenes</Filter>
    </ClCompile>
    <ClCompile Include="source\entities\interfaces\StrategyObserver\StrategyPublisher.cpp">
      <Filter>Source Files\source\entities\interfaces\StrategyObserver</Filter>
    </ClCompile>
    <ClCompile Include="source\core\subsystems\AudioHandler.cpp">
      <Filter>Source Files\source\core\subsystems</Filter>
    </ClCompile>
    <ClCompile Include="source\core\subsystems\FontHandler.cpp">
      <Filter>Source Files\source\core\subsystems</Filter>
    </ClCompile>
    <ClCompile Include="source\core\subsystems\TextureHandler.cpp">
      <Filter>Source Files\source\core\subsystems</Filter>
    </ClCompile>
    <ClCompile Include="source\core\SDLHandler.cpp">
      <Filter>Source Files\source\core</Filter>
    </ClCompile>
    <ClCompile Include="source\entities\interfaces\BallObserver\BallPublisher.cpp">
      <Filter>Source Files\source\entities\interfaces\BallObserver</Filter>
    </ClCompile>
    <ClCompile Include="source\entities\Ball\Ball.cpp">
      <Filter>Source Files\source\entities\Ball</Filter>
    </ClCompile>
    <ClCompile Include="source\entities\Paddle\Paddle.cpp">
      <Filter>Source Files\source\entities\Paddle</Filter>
    </ClCompile>
    <ClCompile Include="source\entities\Paddle\components\PaddleStrategy\PaddleComputerStrategy.cpp">
      <Filter>Source Files\source\entities\Paddle\componenets\strategy</Filter>
    </ClCompile>
    <ClCompile Include="source\entities\Paddle\components\PaddleStrategy\PaddlePlayerStrategy.cpp">
      <Filter>Source Files\source\entities\Paddle\componenets\strategy</Filter>
    </ClCompile>
    <ClCompile Include="source\entities\Paddle\components\PaddleStrategy\PaddleStrategy.cpp">
      <Filter>Source Files\source\entities\Paddle\componenets\strategy</Filter>
    </ClCompile>
    <ClCompile Include="source\entities\Board\Board.cpp">
      <Filter>Source Files\source\entities\Board</Filter>
    </ClCompile>
    <ClCompile Include="source\entities\Ball\components\BallCollisionDecorator.cpp">
      <Filter>Source Files\source\entities\Board\components</Filter>
    </ClCompile>
    <ClCompile Include="source\entities\Ball\components\BallMovementDecorator.cpp">
      <Filter>Source Files\source\entities\Board\components</Filter>
    </ClCompile>
    <ClCompile Include="source\entities\Score\ScoreBar.cpp">
      <Filter>Source Files\source\entities\ScoreBar</Filter>
    </ClCompile>
    <ClCompile Include="source\entities\Score\components\ScoreDecorator.cpp">
      <Filter>Source Files\source\entities\ScoreBar\componenets</Filter>
    </ClCompile>
    <ClCompile Include="source\entities\Score\components\TimeDecorator.cpp">
      <Filter>Source Files\source\entities\ScoreBar\componenets</Filter>
    </ClCompile>
  </ItemGroup>
  <ItemGroup>
    <ClInclude Include="source\core\SDLHandler.h">
      <Filter>Header Files\core</Filter>
    </ClInclude>
    <ClInclude Include="source\scenes\MainScene.h">
      <Filter>Header Files\scenes</Filter>
    </ClInclude>
    <ClInclude Include="source\scenes\Scene.h">
      <Filter>Header Files\scenes</Filter>
    </ClInclude>
    <ClInclude Include="source\entities\interfaces\StrategyObserver\StrategyPublisher.h">
      <Filter>Header Files\entities\interfaces\StrategyObserver</Filter>
    </ClInclude>
    <ClInclude Include="source\entities\interfaces\StrategyObserver\StrategySubscriber.h">
      <Filter>Header Files\entities\interfaces\StrategyObserver</Filter>
    </ClInclude>
    <ClInclude Include="source\core\subsystems\AudioHandler.h">
      <Filter>Header Files\core\subsystems</Filter>
    </ClInclude>
    <ClInclude Include="source\core\subsystems\FontHandler.h">
      <Filter>Header Files\core\subsystems</Filter>
    </ClInclude>
    <ClInclude Include="source\core\subsystems\TextureHandler.h">
      <Filter>Header Files\core\subsystems</Filter>
    </ClInclude>
    <ClInclude Include="source\entities\interfaces\BallObserver\BallPublisher.h">
      <Filter>Header Files\entities\interfaces\BallObserver</Filter>
    </ClInclude>
    <ClInclude Include="source\entities\interfaces\BallObserver\BallSubscriber.h">
      <Filter>Header Files\entities\interfaces\BallObserver</Filter>
    </ClInclude>
    <ClInclude Include="source\entities\Object.h">
      <Filter>Header Files\entities</Filter>
    </ClInclude>
    <ClInclude Include="source\entities\Ball\Ball.h">
      <Filter>Header Files\entities\Ball</Filter>
    </ClInclude>
    <ClInclude Include="source\entities\Ball\components\BallCollisionDecorator.h">
      <Filter>Header Files\entities\Ball\components</Filter>
    </ClInclude>
    <ClInclude Include="source\entities\Ball\components\BallMovementDecorator.h">
      <Filter>Header Files\entities\Ball\components</Filter>
    </ClInclude>
    <ClInclude Include="source\entities\Board\Board.h">
      <Filter>Header Files\entities\Board</Filter>
    </ClInclude>
    <ClInclude Include="source\entities\Paddle\Paddle.h">
      <Filter>Header Files\entities\Paddle</Filter>
    </ClInclude>
    <ClInclude Include="source\entities\Paddle\components\PaddleStrategy\PaddleComputerStrategy.h">
      <Filter>Header Files\entities\Paddle\components\Strategy</Filter>
    </ClInclude>
    <ClInclude Include="source\entities\Paddle\components\PaddleStrategy\PaddlePlayerStrategy.h">
      <Filter>Header Files\entities\Paddle\components\Strategy</Filter>
    </ClInclude>
    <ClInclude Include="source\entities\Paddle\components\PaddleStrategy\PaddleStrategy.h">
      <Filter>Header Files\entities\Paddle\components\Strategy</Filter>
    </ClInclude>
    <ClInclude Include="source\entities\Score\ScoreBar.h">
      <Filter>Header Files\entities\ScoreBar</Filter>
    </ClInclude>
    <ClInclude Include="source\entities\Score\components\ScoreDecorator.h">
      <Filter>Header Files\entities\ScoreBar\components</Filter>
    </ClInclude>
    <ClInclude Include="source\entities\Score\components\TimeDecorator.h">
      <Filter>Header Files\entities\ScoreBar\components</Filter>
    </ClInclude>
  </ItemGroup>
</Project>