<?xml version="1.0" encoding="utf-8"?>
<Project ToolsVersion="4.0" xmlns="http://schemas.microsoft.com/developer/msbuild/2003">
  <ItemGroup>
    <Filter Include="Source Files">
      <UniqueIdentifier>{4FC737F1-C7A5-4376-A066-2A32D752A2FF}</UniqueIdentifier>
      <Extensions>cpp;c;cc;cxx;c++;cppm;ixx;def;odl;idl;hpj;bat;asm;asmx</Extensions>
    </Filter>
    <Filter Include="Header Files">
      <UniqueIdentifier>{93995380-89BD-4b04-88EB-625FBE52EBFB}</UniqueIdentifier>
      <Extensions>h;hh;hpp;hxx;h++;hm;inl;inc;ipp;xsd</Extensions>
    </Filter>
    <Filter Include="Resource Files">
      <UniqueIdentifier>{67DA6AB6-F800-4c08-8B7A-83BB121AAD01}</UniqueIdentifier>
      <Extensions>rc;ico;cur;bmp;dlg;rc2;rct;bin;rgs;gif;jpg;jpeg;jpe;resx;tiff;tif;png;wav;mfcribbon-ms</Extensions>
    </Filter>
    <Filter Include="Source Files\source">
      <UniqueIdentifier>{b20d15d2-3d26-4bda-9946-47bdc7e8218f}</UniqueIdentifier>
    </Filter>
    <Filter Include="Source Files\source\entities">
      <UniqueIdentifier>{4418114e-5991-4d61-8e67-ec552a95e278}</UniqueIdentifier>
    </Filter>
    <Filter Include="Header Files\entities">
      <UniqueIdentifier>{b667756c-b119-4136-aa14-e3b5a51444a9}</UniqueIdentifier>
    </Filter>
    <Filter Include="Header Files\core">
      <UniqueIdentifier>{6d8009cd-e3aa-4657-ae7c-218d29161eff}</UniqueIdentifier>
    </Filter>
    <Filter Include="Source Files\source\core">
      <UniqueIdentifier>{cd1e70e1-d377-41e5-94e8-9f7caeb6e74f}</UniqueIdentifier>
    </Filter>
    <Filter Include="Source Files\source\interfaces">
      <UniqueIdentifier>{8f4176d4-07c7-4692-9252-fc31d8075272}</UniqueIdentifier>
    </Filter>
    <Filter Include="Source Files\source\interfaces\ballObserver">
      <UniqueIdentifier>{ab4b82e0-dab1-4341-a767-43ff37f19ba3}</UniqueIdentifier>
    </Filter>
    <Filter Include="Header Files\interfaces">
      <UniqueIdentifier>{c9e4cdf5-0462-47e2-9c5e-1593fd419f97}</UniqueIdentifier>
    </Filter>
    <Filter Include="Header Files\interfaces\ballObserver">
      <UniqueIdentifier>{a2f1b5af-3d0b-4763-95a3-e9fd32713ffc}</UniqueIdentifier>
    </Filter>
    <Filter Include="Header Files\scenes">
      <UniqueIdentifier>{4735be72-5bfd-4d27-a481-d5e2878eec1e}</UniqueIdentifier>
    </Filter>
    <Filter Include="Source Files\source\scenes">
      <UniqueIdentifier>{b2f36d9f-4815-425a-b5db-4f33a4f6e0cf}</UniqueIdentifier>
    </Filter>
    <Filter Include="Header Files\interfaces\textureObserver">
      <UniqueIdentifier>{891ef262-06d8-4ce6-92c7-5ef5234190dd}</UniqueIdentifier>
    </Filter>
    <Filter Include="Source Files\source\interfaces\textureObserver">
      <UniqueIdentifier>{3ac7f5aa-050a-42a5-b3c7-8b5b0dbf526c}</UniqueIdentifier>
    </Filter>
    <Filter Include="Header Files\entities\BallComponents">
      <UniqueIdentifier>{1310e2b6-7350-4d50-984b-cc26c9d559b6}</UniqueIdentifier>
    </Filter>
    <Filter Include="Header Files\scenes\components">
      <UniqueIdentifier>{74f060a8-403e-4c8c-8958-0685b98525aa}</UniqueIdentifier>
    </Filter>
    <Filter Include="Source Files\source\scenes\components">
      <UniqueIdentifier>{8367157a-4f40-4f02-9e3b-b17160307ef8}</UniqueIdentifier>
    </Filter>
    <Filter Include="Header Files\scenes\components\objectFactory">
      <UniqueIdentifier>{27f30038-c3a8-470e-9a3a-b9ab757a7d4c}</UniqueIdentifier>
    </Filter>
    <Filter Include="Source Files\source\scenes\components\objectFactory">
      <UniqueIdentifier>{7d308943-4df3-4628-9f8f-2bae6becfad3}</UniqueIdentifier>
    </Filter>
    <Filter Include="Source Files\source\entities\BallComponents">
      <UniqueIdentifier>{0aa90723-87c8-4b3a-92b7-f351731b79f9}</UniqueIdentifier>
    </Filter>
    <Filter Include="Source Files\source\entities\PaddleComponents">
      <UniqueIdentifier>{56929303-62e9-425d-adf8-8820bd764193}</UniqueIdentifier>
    </Filter>
    <Filter Include="Header Files\entities\PaddleComponents">
      <UniqueIdentifier>{ec6c8f08-43ad-4b6d-9280-10a3ac924c72}</UniqueIdentifier>
    </Filter>
    <Filter Include="Source Files\source\interfaces\fontObserver">
      <UniqueIdentifier>{b5609f36-d98a-4344-93a5-d21dfb6c5806}</UniqueIdentifier>
    </Filter>
    <Filter Include="Header Files\interfaces\fontObserver">
      <UniqueIdentifier>{ede969e9-d333-45ff-b07d-3804b99f7ded}</UniqueIdentifier>
    </Filter>
    <Filter Include="Source Files\source\entities\ScoreComponents">
      <UniqueIdentifier>{78844d2d-4adc-410d-89f6-8179292e1e4e}</UniqueIdentifier>
    </Filter>
    <Filter Include="Header Files\entities\ScoreComponents">
      <UniqueIdentifier>{183bb6ed-f555-4ba8-8ddc-a9a5768e30d3}</UniqueIdentifier>
    </Filter>
  </ItemGroup>
  <ItemGroup>
    <None Include=".clang-format">
      <Filter>Source Files</Filter>
    </None>
    <None Include="..\.gitignore">
      <Filter>Source Files</Filter>
    </None>
    <None Include="..\README.md">
      <Filter>Source Files</Filter>
    </None>
  </ItemGroup>
  <ItemGroup>
    <ClCompile Include="source\main.cpp">
      <Filter>Source Files\source</Filter>
    </ClCompile>
    <ClCompile Include="source\entities\Ball.cpp">
      <Filter>Source Files\source\entities</Filter>
    </ClCompile>
    <ClCompile Include="source\entities\Board.cpp">
      <Filter>Source Files\source\entities</Filter>
    </ClCompile>
    <ClCompile Include="source\entities\Computer.cpp">
      <Filter>Source Files\source\entities</Filter>
    </ClCompile>
    <ClCompile Include="source\entities\Object.cpp">
      <Filter>Source Files\source\entities</Filter>
    </ClCompile>
    <ClCompile Include="source\entities\Player.cpp">
      <Filter>Source Files\source\entities</Filter>
    </ClCompile>
    <ClCompile Include="source\entities\ScoreBar.cpp">
      <Filter>Source Files\source\entities</Filter>
    </ClCompile>
    <ClCompile Include="source\core\SDLHandler.cpp">
      <Filter>Source Files\source\core</Filter>
    </ClCompile>
    <ClCompile Include="source\interfaces\ballObserver\BallPublisher.cpp">
      <Filter>Source Files\source\interfaces\ballObserver</Filter>
    </ClCompile>
    <ClCompile Include="source\scenes\MainScene.cpp">
      <Filter>Source Files\source\scenes</Filter>
    </ClCompile>
    <ClCompile Include="source\core\AudioHandler.cpp">
      <Filter>Source Files\source\core</Filter>
    </ClCompile>
    <ClCompile Include="source\scenes\Scene.cpp">
      <Filter>Source Files\source\scenes</Filter>
    </ClCompile>
    <ClCompile Include="source\core\TextureHandler.cpp">
      <Filter>Source Files\source\core</Filter>
    </ClCompile>
    <ClCompile Include="source\interfaces\textureObserver\TexturePublisher.cpp">
      <Filter>Source Files\source\interfaces\textureObserver</Filter>
    </ClCompile>
    <ClCompile Include="source\scenes\components\objectFactory\Creator.cpp">
      <Filter>Source Files\source\scenes\components\objectFactory</Filter>
    </ClCompile>
    <ClCompile Include="source\scenes\components\objectFactory\objectFactory.cpp">
      <Filter>Source Files\source\scenes\components\objectFactory</Filter>
    </ClCompile>
    <ClCompile Include="source\scenes\components\objectFactory\Product.cpp">
      <Filter>Source Files\source\scenes\components\objectFactory</Filter>
    </ClCompile>
    <ClCompile Include="source\entities\BallComponents\BallCollision.cpp">
      <Filter>Source Files\source\entities\BallComponents</Filter>
    </ClCompile>
    <ClCompile Include="source\entities\BallComponents\BallMovement.cpp">
      <Filter>Source Files\source\entities\BallComponents</Filter>
    </ClCompile>
    <ClCompile Include="source\entities\PaddleComponents\PaddleMovement.cpp">
      <Filter>Source Files\source\entities\PaddleComponents</Filter>
    </ClCompile>
    <ClCompile Include="source\core\FontHandler.cpp">
      <Filter>Source Files\source\core</Filter>
    </ClCompile>
    <ClCompile Include="source\interfaces\fontObserver\FontPublisher.cpp">
      <Filter>Source Files\source\interfaces\fontObserver</Filter>
    </ClCompile>
  </ItemGroup>
  <ItemGroup>
    <ClInclude Include="source\entities\Ball.h">
      <Filter>Header Files\entities</Filter>
    </ClInclude>
    <ClInclude Include="source\entities\Board.h">
      <Filter>Header Files\entities</Filter>
    </ClInclude>
    <ClInclude Include="source\entities\Computer.h">
      <Filter>Header Files\entities</Filter>
    </ClInclude>
    <ClInclude Include="source\entities\Object.h">
      <Filter>Header Files\entities</Filter>
    </ClInclude>
    <ClInclude Include="source\entities\Player.h">
      <Filter>Header Files\entities</Filter>
    </ClInclude>
    <ClInclude Include="source\entities\ScoreBar.h">
      <Filter>Header Files\entities</Filter>
    </ClInclude>
    <ClInclude Include="source\core\SDLHandler.h">
      <Filter>Header Files\core</Filter>
    </ClInclude>
    <ClInclude Include="source\interfaces\ballObserver\BallPublisher.h">
      <Filter>Header Files\interfaces\ballObserver</Filter>
    </ClInclude>
    <ClInclude Include="source\interfaces\ballObserver\BallSubscriber.h">
      <Filter>Header Files\interfaces\ballObserver</Filter>
    </ClInclude>
    <ClInclude Include="source\scenes\MainScene.h">
      <Filter>Header Files\scenes</Filter>
    </ClInclude>
    <ClInclude Include="source\core\AudioHandler.h">
      <Filter>Header Files\core</Filter>
    </ClInclude>
    <ClInclude Include="source\scenes\Scene.h">
      <Filter>Header Files\scenes</Filter>
    </ClInclude>
    <ClInclude Include="source\core\TextureHandler.h">
      <Filter>Header Files\core</Filter>
    </ClInclude>
    <ClInclude Include="source\interfaces\textureObserver\TextureSubscriber.h">
      <Filter>Header Files\interfaces\textureObserver</Filter>
    </ClInclude>
    <ClInclude Include="source\interfaces\textureObserver\TexturePublisher.h">
      <Filter>Header Files\interfaces\textureObserver</Filter>
    </ClInclude>
    <ClInclude Include="source\scenes\components\objectFactory\Creator.h">
      <Filter>Header Files\scenes\components\objectFactory</Filter>
    </ClInclude>
    <ClInclude Include="source\scenes\components\objectFactory\objectFactory.h">
      <Filter>Header Files\scenes\components\objectFactory</Filter>
    </ClInclude>
    <ClInclude Include="source\scenes\components\objectFactory\Product.h">
      <Filter>Header Files\scenes\components\objectFactory</Filter>
    </ClInclude>
    <ClInclude Include="source\entities\BallComponents\BallCollision.h">
      <Filter>Header Files\entities\BallComponents</Filter>
    </ClInclude>
    <ClInclude Include="source\entities\BallComponents\BallMovement.h">
      <Filter>Header Files\entities\BallComponents</Filter>
    </ClInclude>
    <ClInclude Include="source\entities\PaddleComponents\PaddleMovement.h">
      <Filter>Header Files\entities\PaddleComponents</Filter>
    </ClInclude>
    <ClInclude Include="source\core\FontHandler.h">
      <Filter>Header Files\core</Filter>
    </ClInclude>
    <ClInclude Include="source\interfaces\fontObserver\FontPublisher.h">
      <Filter>Header Files\interfaces\fontObserver</Filter>
    </ClInclude>
    <ClInclude Include="source\interfaces\fontObserver\FontSubscriber.h">
      <Filter>Header Files\interfaces\fontObserver</Filter>
    </ClInclude>
  </ItemGroup>
</Project>